
Microsoft Visual Studio Solution File, Format Version 12.00
# Visual Studio Version 17
VisualStudioVersion = 17.7.34221.43
MinimumVisualStudioVersion = 10.0.40219.1
Project("{9A19103F-16F7-4668-BE54-9A1E7A4F7556}") = "CinemaAPI", "CinemaAPI\CinemaAPI.csproj", "{C0CF11A4-470A-462B-9414-59F5BFCB0E3E}"
EndProject
Project("{2150E333-8FDC-42A3-9474-1A3956D46DE8}") = "WebServices", "WebServices", "{B8A62FAC-84A8-4C64-8296-C427CD4F7D21}"
EndProject
Project("{2150E333-8FDC-42A3-9474-1A3956D46DE8}") = "Backend", "Backend", "{5D918728-2431-4170-9FF1-05A425779165}"
EndProject
Project("{9A19103F-16F7-4668-BE54-9A1E7A4F7556}") = "Domain", "Domain\Domain.csproj", "{F73BDCC9-8FAC-47BE-803A-F02A6912DFC0}"
EndProject
Project("{9A19103F-16F7-4668-BE54-9A1E7A4F7556}") = "Infraestructure", "Infraestructure\Infraestructure.csproj", "{F39E6B32-7D88-4E6B-AFF2-03DF387CABA4}"
EndProject
Project("{2150E333-8FDC-42A3-9474-1A3956D46DE8}") = "SolutionItems", "SolutionItems", "{C9491AF2-4CDA-40B8-B9C7-C0B7DACFA2F7}"
EndProject
Project("{9A19103F-16F7-4668-BE54-9A1E7A4F7556}") = "Common", "Common\Common.csproj", "{FFF573AD-045F-4C0C-8DC7-2D1B22D8CBA1}"
EndProject
Project("{9A19103F-16F7-4668-BE54-9A1E7A4F7556}") = "Common.AspNetCore", "Common.AspNetCore\Common.AspNetCore.csproj", "{F4D8889C-D716-416D-B41E-0663344D5404}"
EndProject
Project("{9A19103F-16F7-4668-BE54-9A1E7A4F7556}") = "Service", "Service\Service.csproj", "{59D7F1D3-2ED1-4990-AD61-E79924E628D9}"
EndProject
Project("{2150E333-8FDC-42A3-9474-1A3956D46DE8}") = "Shared", "Shared", "{28B54E59-BBD6-47A5-B66B-C541C5D0BD73}"
EndProject
Project("{9A19103F-16F7-4668-BE54-9A1E7A4F7556}") = "Model", "Model\Model.csproj", "{72973950-39AC-46AD-B5F4-D17EEEF9702D}"
EndProject
Project("{2150E333-8FDC-42A3-9474-1A3956D46DE8}") = "FrontEnd", "FrontEnd", "{53D774FF-9508-40EE-8092-A30B3A5409C8}"
EndProject
Project("{FAE04EC0-301F-11D3-BF4B-00C04F79EFBC}") = "CinemaWeb", "CinemaWeb\CinemaWeb.csproj", "{FB12EA6E-DFFB-4AC6-8481-DC33D221D205}"
EndProject
Global
	GlobalSection(SolutionConfigurationPlatforms) = preSolution
		Debug|Any CPU = Debug|Any CPU
		Release|Any CPU = Release|Any CPU
	EndGlobalSection
	GlobalSection(ProjectConfigurationPlatforms) = postSolution
		{C0CF11A4-470A-462B-9414-59F5BFCB0E3E}.Debug|Any CPU.ActiveCfg = Debug|Any CPU
		{C0CF11A4-470A-462B-9414-59F5BFCB0E3E}.Debug|Any CPU.Build.0 = Debug|Any CPU
		{C0CF11A4-470A-462B-9414-59F5BFCB0E3E}.Release|Any CPU.ActiveCfg = Release|Any CPU
		{C0CF11A4-470A-462B-9414-59F5BFCB0E3E}.Release|Any CPU.Build.0 = Release|Any CPU
		{F73BDCC9-8FAC-47BE-803A-F02A6912DFC0}.Debug|Any CPU.ActiveCfg = Debug|Any CPU
		{F73BDCC9-8FAC-47BE-803A-F02A6912DFC0}.Debug|Any CPU.Build.0 = Debug|Any CPU
		{F73BDCC9-8FAC-47BE-803A-F02A6912DFC0}.Release|Any CPU.ActiveCfg = Release|Any CPU
		{F73BDCC9-8FAC-47BE-803A-F02A6912DFC0}.Release|Any CPU.Build.0 = Release|Any CPU
		{F39E6B32-7D88-4E6B-AFF2-03DF387CABA4}.Debug|Any CPU.ActiveCfg = Debug|Any CPU
		{F39E6B32-7D88-4E6B-AFF2-03DF387CABA4}.Debug|Any CPU.Build.0 = Debug|Any CPU
		{F39E6B32-7D88-4E6B-AFF2-03DF387CABA4}.Release|Any CPU.ActiveCfg = Release|Any CPU
		{F39E6B32-7D88-4E6B-AFF2-03DF387CABA4}.Release|Any CPU.Build.0 = Release|Any CPU
		{FFF573AD-045F-4C0C-8DC7-2D1B22D8CBA1}.Debug|Any CPU.ActiveCfg = Debug|Any CPU
		{FFF573AD-045F-4C0C-8DC7-2D1B22D8CBA1}.Debug|Any CPU.Build.0 = Debug|Any CPU
		{FFF573AD-045F-4C0C-8DC7-2D1B22D8CBA1}.Release|Any CPU.ActiveCfg = Release|Any CPU
		{FFF573AD-045F-4C0C-8DC7-2D1B22D8CBA1}.Release|Any CPU.Build.0 = Release|Any CPU
		{F4D8889C-D716-416D-B41E-0663344D5404}.Debug|Any CPU.ActiveCfg = Debug|Any CPU
		{F4D8889C-D716-416D-B41E-0663344D5404}.Debug|Any CPU.Build.0 = Debug|Any CPU
		{F4D8889C-D716-416D-B41E-0663344D5404}.Release|Any CPU.ActiveCfg = Release|Any CPU
		{F4D8889C-D716-416D-B41E-0663344D5404}.Release|Any CPU.Build.0 = Release|Any CPU
		{59D7F1D3-2ED1-4990-AD61-E79924E628D9}.Debug|Any CPU.ActiveCfg = Debug|Any CPU
		{59D7F1D3-2ED1-4990-AD61-E79924E628D9}.Debug|Any CPU.Build.0 = Debug|Any CPU
		{59D7F1D3-2ED1-4990-AD61-E79924E628D9}.Release|Any CPU.ActiveCfg = Release|Any CPU
		{59D7F1D3-2ED1-4990-AD61-E79924E628D9}.Release|Any CPU.Build.0 = Release|Any CPU
		{72973950-39AC-46AD-B5F4-D17EEEF9702D}.Debug|Any CPU.ActiveCfg = Debug|Any CPU
		{72973950-39AC-46AD-B5F4-D17EEEF9702D}.Debug|Any CPU.Build.0 = Debug|Any CPU
		{72973950-39AC-46AD-B5F4-D17EEEF9702D}.Release|Any CPU.ActiveCfg = Release|Any CPU
		{72973950-39AC-46AD-B5F4-D17EEEF9702D}.Release|Any CPU.Build.0 = Release|Any CPU
		{FB12EA6E-DFFB-4AC6-8481-DC33D221D205}.Debug|Any CPU.ActiveCfg = Debug|Any CPU
		{FB12EA6E-DFFB-4AC6-8481-DC33D221D205}.Debug|Any CPU.Build.0 = Debug|Any CPU
		{FB12EA6E-DFFB-4AC6-8481-DC33D221D205}.Release|Any CPU.ActiveCfg = Release|Any CPU
		{FB12EA6E-DFFB-4AC6-8481-DC33D221D205}.Release|Any CPU.Build.0 = Release|Any CPU
	EndGlobalSection
	GlobalSection(SolutionProperties) = preSolution
		HideSolutionNode = FALSE
	EndGlobalSection
	GlobalSection(NestedProjects) = preSolution
		{C0CF11A4-470A-462B-9414-59F5BFCB0E3E} = {B8A62FAC-84A8-4C64-8296-C427CD4F7D21}
		{F73BDCC9-8FAC-47BE-803A-F02A6912DFC0} = {5D918728-2431-4170-9FF1-05A425779165}
		{F39E6B32-7D88-4E6B-AFF2-03DF387CABA4} = {5D918728-2431-4170-9FF1-05A425779165}
		{FFF573AD-045F-4C0C-8DC7-2D1B22D8CBA1} = {C9491AF2-4CDA-40B8-B9C7-C0B7DACFA2F7}
		{F4D8889C-D716-416D-B41E-0663344D5404} = {C9491AF2-4CDA-40B8-B9C7-C0B7DACFA2F7}
		{59D7F1D3-2ED1-4990-AD61-E79924E628D9} = {5D918728-2431-4170-9FF1-05A425779165}
		{72973950-39AC-46AD-B5F4-D17EEEF9702D} = {28B54E59-BBD6-47A5-B66B-C541C5D0BD73}
		{FB12EA6E-DFFB-4AC6-8481-DC33D221D205} = {53D774FF-9508-40EE-8092-A30B3A5409C8}
	EndGlobalSection
	GlobalSection(ExtensibilityGlobals) = postSolution
		SolutionGuid = {1F3A36D8-AA0C-4AAD-896C-6C2BDC7DF3CB}
	EndGlobalSection
EndGlobal
